Microsoft Visual Studio Solution File, Format Version 11.00
# Visual Studio 2008

Project("{3C2B7DB3-34B0-8490-578D-15AB9507F50E}") = "COMP305-Assign1-InPlaneSight", "Assembly-CSharp.csproj", "{94CB4884-2008-E0A1-47FB-42C8E1844138}"
EndProject
Global
	GlobalSection(SolutionConfigurationPlatforms) = preSolution
		Debug|Any CPU = Debug|Any CPU
		Release|Any CPU = Release|Any CPU
	EndGlobalSection
	GlobalSection(ProjectConfigurationPlatforms) = postSolution
		{94CB4884-2008-E0A1-47FB-42C8E1844138}.Debug|Any CPU.ActiveCfg = Debug|Any CPU
		{94CB4884-2008-E0A1-47FB-42C8E1844138}.Debug|Any CPU.Build.0 = Debug|Any CPU
		{94CB4884-2008-E0A1-47FB-42C8E1844138}.Release|Any CPU.ActiveCfg = Release|Any CPU
		{94CB4884-2008-E0A1-47FB-42C8E1844138}.Release|Any CPU.Build.0 = Release|Any CPU
	EndGlobalSection
	GlobalSection(SolutionProperties) = preSolution
		HideSolutionNode = FALSE
	EndGlobalSection
	GlobalSection(MonoDevelopProperties) = preSolution
		StartupItem = Assembly-CSharp.csproj
	EndGlobalSection
EndGlobal
